
Microsoft Visual Studio Solution File, Format Version 11.00
# Visual Studio 2010
Project("{8BC9CEB8-8B4A-11D0-8D11-00A0C91BC942}") = "SIM800C", "SIM800C.vcxproj", "{059DA9D7-B89B-4C55-99AF-91E7765AA224}"
EndProject
Global
	GlobalSection(SolutionConfigurationPlatforms) = preSolution
		Debug|Win32 = Debug|Win32
		Release|Win32 = Release|Win32
	EndGlobalSection
	GlobalSection(ProjectConfigurationPlatforms) = postSolution
		{059DA9D7-B89B-4C55-99AF-91E7765AA224}.Debug|Win32.ActiveCfg = Debug|Win32
		{059DA9D7-B89B-4C55-99AF-91E7765AA224}.Debug|Win32.Build.0 = Debug|Win32
		{059DA9D7-B89B-4C55-99AF-91E7765AA224}.Release|Win32.ActiveCfg = Release|Win32
		{059DA9D7-B89B-4C55-99AF-91E7765AA224}.Release|Win32.Build.0 = Release|Win32
	EndGlobalSection
	GlobalSection(SolutionProperties) = preSolution
		HideSolutionNode = FALSE
	EndGlobalSection
EndGlobal
